{
  "version": 1,
  "dependencies": {
    "net8.0-windows7.0": {
      "Caliburn.Micro": {
        "type": "Direct",
        "requested": "[5.0.258, )",
        "resolved": "5.0.258",
        "contentHash": "lByAbLJltScVSMpgDoWNYytRJq0OSbD6gyZGMsEN2r8q+TYuh2+jI/1zaLUUfnG6RmrppT5u1iNURqKc8nR6og==",
        "dependencies": {
          "Caliburn.Micro.Core": "5.0.258",
          "Microsoft.Xaml.Behaviors.Wpf": "1.1.135"
        }
      },
      "MaterialDesignColors": {
        "type": "Direct",
        "requested": "[3.1.0, )",
        "resolved": "3.1.0",
        "contentHash": "J2mpZBWx0wArrMCK8E0Cqfsy+Wh3iRDVnznp5/84B1KcnTKI9u9Pyt2zN0oSQGsa6NhvwdUErbhE3jJd6iRTxw=="
      },
      "MaterialDesignThemes": {
        "type": "Direct",
        "requested": "[5.1.0, )",
        "resolved": "5.1.0",
        "contentHash": "k5lO0NqhExrCLnFWnapI+a2XvOOm/Mwz92GwUq4CvNrahMMPx9puALE8VJlLNeNxUYjWf2+PAKPGpmr1u1QDfg==",
        "dependencies": {
          "MaterialDesignColors": "3.1.0",
          "Microsoft.Xaml.Behaviors.Wpf": "1.1.39"
        }
      },
      "Caliburn.Micro.Core": {
        "type": "Transitive",
        "resolved": "5.0.258",
        "contentHash": "6QizhXetuR6TD0jXlf/ebqC7LI6bjK1uN/tl14z49lhtNYKhSEvJ5zT7evvDKLWux6idC9YqePq2CdtDSKiQaw=="
      },
      "Microsoft.Xaml.Behaviors.Wpf": {
        "type": "Transitive",
        "resolved": "1.1.135",
        "contentHash": "r8qBEXmQfORso2+MVHnt8PSH4761zJ0SIxgQTSEDVLU97EN2FZdG6/ZCYUPhQy+OrPKgnpYBCAs3PS6Bs7wRsg=="
      }
    }
  }
}