
Microsoft Visual Studio Solution File, Format Version 12.00
# Visual Studio Version 17
VisualStudioVersion = 17.5.2.0
MinimumVisualStudioVersion = 10.0.40219.1
Project("{FAE04EC0-301F-11D3-BF4B-00C04F79EFBC}") = "CLIF", "CLIF\CLIF.csproj", "{50DE19D7-AB57-35DE-55B9-31381DC2F176}"
EndProject
Project("{FAE04EC0-301F-11D3-BF4B-00C04F79EFBC}") = "CLIF.Tests", "CLIF.Tests\CLIF.Tests.csproj", "{9A5C5B3F-2D1E-4A7C-8B9D-1A2B3C4D5E6F}"
EndProject
Project("{FAE04EC0-301F-11D3-BF4B-00C04F79EFBC}") = "TestWpfApp", "TestWpfApp\TestWpfApp.csproj", "{5145FB2D-E7D6-4B07-9D29-EF4FAF174E5B}"
EndProject
Project("{FAE04EC0-301F-11D3-BF4B-00C04F79EFBC}") = "CLIF.Mcp", "CLIF.Mcp\CLIF.Mcp.csproj", "{DA728111-C27E-4304-990C-F27574872EF6}"
EndProject
Project("{FAE04EC0-301F-11D3-BF4B-00C04F79EFBC}") = "CLIF.Mcp.Tests", "CLIF.Mcp.Tests\CLIF.Mcp.Tests.csproj", "{F552FA2A-9144-4186-8C5C-AF895B423135}"
EndProject
Project("{FAE04EC0-301F-11D3-BF4B-00C04F79EFBC}") = "TestCrossPlatformApp", "TestCrossPlatformApp\TestCrossPlatformApp.csproj", "{D35B0E6D-4A66-4F3B-9D0E-8C9BB1F0E7B4}"
EndProject
Project("{FAE04EC0-301F-11D3-BF4B-00C04F79EFBC}") = "TestCrossPlatformApp.Tests", "TestCrossPlatformApp.Tests\TestCrossPlatformApp.Tests.csproj", "{A8D1F6B2-72B6-4EAB-9D9C-75C4A2C5D6F1}"
EndProject
Global
	GlobalSection(SolutionConfigurationPlatforms) = preSolution
		Debug|Any CPU = Debug|Any CPU
		Debug|x64 = Debug|x64
		Debug|x86 = Debug|x86
		Release|Any CPU = Release|Any CPU
		Release|x64 = Release|x64
		Release|x86 = Release|x86
	EndGlobalSection
	GlobalSection(ProjectConfigurationPlatforms) = postSolution
		{50DE19D7-AB57-35DE-55B9-31381DC2F176}.Debug|Any CPU.ActiveCfg = Debug|Any CPU
		{50DE19D7-AB57-35DE-55B9-31381DC2F176}.Debug|Any CPU.Build.0 = Debug|Any CPU
		{50DE19D7-AB57-35DE-55B9-31381DC2F176}.Debug|x64.ActiveCfg = Debug|Any CPU
		{50DE19D7-AB57-35DE-55B9-31381DC2F176}.Debug|x64.Build.0 = Debug|Any CPU
		{50DE19D7-AB57-35DE-55B9-31381DC2F176}.Debug|x86.ActiveCfg = Debug|Any CPU
		{50DE19D7-AB57-35DE-55B9-31381DC2F176}.Debug|x86.Build.0 = Debug|Any CPU
		{50DE19D7-AB57-35DE-55B9-31381DC2F176}.Release|Any CPU.ActiveCfg = Release|Any CPU
		{50DE19D7-AB57-35DE-55B9-31381DC2F176}.Release|Any CPU.Build.0 = Release|Any CPU
		{50DE19D7-AB57-35DE-55B9-31381DC2F176}.Release|x64.ActiveCfg = Release|Any CPU
		{50DE19D7-AB57-35DE-55B9-31381DC2F176}.Release|x64.Build.0 = Release|Any CPU
		{50DE19D7-AB57-35DE-55B9-31381DC2F176}.Release|x86.ActiveCfg = Release|Any CPU
		{50DE19D7-AB57-35DE-55B9-31381DC2F176}.Release|x86.Build.0 = Release|Any CPU
		{9A5C5B3F-2D1E-4A7C-8B9D-1A2B3C4D5E6F}.Debug|Any CPU.ActiveCfg = Debug|Any CPU
		{9A5C5B3F-2D1E-4A7C-8B9D-1A2B3C4D5E6F}.Debug|Any CPU.Build.0 = Debug|Any CPU
		{9A5C5B3F-2D1E-4A7C-8B9D-1A2B3C4D5E6F}.Debug|x64.ActiveCfg = Debug|Any CPU
		{9A5C5B3F-2D1E-4A7C-8B9D-1A2B3C4D5E6F}.Debug|x64.Build.0 = Debug|Any CPU
		{9A5C5B3F-2D1E-4A7C-8B9D-1A2B3C4D5E6F}.Debug|x86.ActiveCfg = Debug|Any CPU
		{9A5C5B3F-2D1E-4A7C-8B9D-1A2B3C4D5E6F}.Debug|x86.Build.0 = Debug|Any CPU
		{9A5C5B3F-2D1E-4A7C-8B9D-1A2B3C4D5E6F}.Release|Any CPU.ActiveCfg = Release|Any CPU
		{9A5C5B3F-2D1E-4A7C-8B9D-1A2B3C4D5E6F}.Release|Any CPU.Build.0 = Release|Any CPU
		{9A5C5B3F-2D1E-4A7C-8B9D-1A2B3C4D5E6F}.Release|x64.ActiveCfg = Release|Any CPU
		{9A5C5B3F-2D1E-4A7C-8B9D-1A2B3C4D5E6F}.Release|x64.Build.0 = Release|Any CPU
		{9A5C5B3F-2D1E-4A7C-8B9D-1A2B3C4D5E6F}.Release|x86.ActiveCfg = Release|Any CPU
		{9A5C5B3F-2D1E-4A7C-8B9D-1A2B3C4D5E6F}.Release|x86.Build.0 = Release|Any CPU
		{5145FB2D-E7D6-4B07-9D29-EF4FAF174E5B}.Debug|Any CPU.ActiveCfg = Debug|Any CPU
		{5145FB2D-E7D6-4B07-9D29-EF4FAF174E5B}.Debug|Any CPU.Build.0 = Debug|Any CPU
		{5145FB2D-E7D6-4B07-9D29-EF4FAF174E5B}.Debug|x64.ActiveCfg = Debug|Any CPU
		{5145FB2D-E7D6-4B07-9D29-EF4FAF174E5B}.Debug|x64.Build.0 = Debug|Any CPU
		{5145FB2D-E7D6-4B07-9D29-EF4FAF174E5B}.Debug|x86.ActiveCfg = Debug|Any CPU
		{5145FB2D-E7D6-4B07-9D29-EF4FAF174E5B}.Debug|x86.Build.0 = Debug|Any CPU
		{5145FB2D-E7D6-4B07-9D29-EF4FAF174E5B}.Release|Any CPU.ActiveCfg = Release|Any CPU
		{5145FB2D-E7D6-4B07-9D29-EF4FAF174E5B}.Release|Any CPU.Build.0 = Release|Any CPU
		{5145FB2D-E7D6-4B07-9D29-EF4FAF174E5B}.Release|x64.ActiveCfg = Release|Any CPU
		{5145FB2D-E7D6-4B07-9D29-EF4FAF174E5B}.Release|x64.Build.0 = Release|Any CPU
		{5145FB2D-E7D6-4B07-9D29-EF4FAF174E5B}.Release|x86.ActiveCfg = Release|Any CPU
		{5145FB2D-E7D6-4B07-9D29-EF4FAF174E5B}.Release|x86.Build.0 = Release|Any CPU
		{DA728111-C27E-4304-990C-F27574872EF6}.Debug|Any CPU.ActiveCfg = Debug|Any CPU
		{DA728111-C27E-4304-990C-F27574872EF6}.Debug|Any CPU.Build.0 = Debug|Any CPU
		{DA728111-C27E-4304-990C-F27574872EF6}.Debug|x64.ActiveCfg = Debug|Any CPU
		{DA728111-C27E-4304-990C-F27574872EF6}.Debug|x64.Build.0 = Debug|Any CPU
		{DA728111-C27E-4304-990C-F27574872EF6}.Debug|x86.ActiveCfg = Debug|Any CPU
		{DA728111-C27E-4304-990C-F27574872EF6}.Debug|x86.Build.0 = Debug|Any CPU
		{DA728111-C27E-4304-990C-F27574872EF6}.Release|Any CPU.ActiveCfg = Release|Any CPU
		{DA728111-C27E-4304-990C-F27574872EF6}.Release|Any CPU.Build.0 = Release|Any CPU
		{DA728111-C27E-4304-990C-F27574872EF6}.Release|x64.ActiveCfg = Release|Any CPU
		{DA728111-C27E-4304-990C-F27574872EF6}.Release|x64.Build.0 = Release|Any CPU
		{DA728111-C27E-4304-990C-F27574872EF6}.Release|x86.ActiveCfg = Release|Any CPU
		{DA728111-C27E-4304-990C-F27574872EF6}.Release|x86.Build.0 = Release|Any CPU
		{F552FA2A-9144-4186-8C5C-AF895B423135}.Debug|Any CPU.ActiveCfg = Debug|Any CPU
		{F552FA2A-9144-4186-8C5C-AF895B423135}.Debug|Any CPU.Build.0 = Debug|Any CPU
		{F552FA2A-9144-4186-8C5C-AF895B423135}.Debug|x64.ActiveCfg = Debug|Any CPU
		{F552FA2A-9144-4186-8C5C-AF895B423135}.Debug|x64.Build.0 = Debug|Any CPU
		{F552FA2A-9144-4186-8C5C-AF895B423135}.Debug|x86.ActiveCfg = Debug|Any CPU
		{F552FA2A-9144-4186-8C5C-AF895B423135}.Debug|x86.Build.0 = Debug|Any CPU
		{F552FA2A-9144-4186-8C5C-AF895B423135}.Release|Any CPU.ActiveCfg = Release|Any CPU
		{F552FA2A-9144-4186-8C5C-AF895B423135}.Release|Any CPU.Build.0 = Release|Any CPU
		{F552FA2A-9144-4186-8C5C-AF895B423135}.Release|x64.ActiveCfg = Release|Any CPU
		{F552FA2A-9144-4186-8C5C-AF895B423135}.Release|x64.Build.0 = Release|Any CPU
		{F552FA2A-9144-4186-8C5C-AF895B423135}.Release|x86.ActiveCfg = Release|Any CPU
		{F552FA2A-9144-4186-8C5C-AF895B423135}.Release|x86.Build.0 = Release|Any CPU
		{D35B0E6D-4A66-4F3B-9D0E-8C9BB1F0E7B4}.Debug|Any CPU.ActiveCfg = Debug|Any CPU
		{D35B0E6D-4A66-4F3B-9D0E-8C9BB1F0E7B4}.Debug|Any CPU.Build.0 = Debug|Any CPU
		{D35B0E6D-4A66-4F3B-9D0E-8C9BB1F0E7B4}.Debug|x64.ActiveCfg = Debug|Any CPU
		{D35B0E6D-4A66-4F3B-9D0E-8C9BB1F0E7B4}.Debug|x64.Build.0 = Debug|Any CPU
		{D35B0E6D-4A66-4F3B-9D0E-8C9BB1F0E7B4}.Debug|x86.ActiveCfg = Debug|Any CPU
		{D35B0E6D-4A66-4F3B-9D0E-8C9BB1F0E7B4}.Debug|x86.Build.0 = Debug|Any CPU
		{D35B0E6D-4A66-4F3B-9D0E-8C9BB1F0E7B4}.Release|Any CPU.ActiveCfg = Release|Any CPU
		{D35B0E6D-4A66-4F3B-9D0E-8C9BB1F0E7B4}.Release|Any CPU.Build.0 = Release|Any CPU
		{D35B0E6D-4A66-4F3B-9D0E-8C9BB1F0E7B4}.Release|x64.ActiveCfg = Release|Any CPU
		{D35B0E6D-4A66-4F3B-9D0E-8C9BB1F0E7B4}.Release|x64.Build.0 = Release|Any CPU
		{D35B0E6D-4A66-4F3B-9D0E-8C9BB1F0E7B4}.Release|x86.ActiveCfg = Release|Any CPU
		{D35B0E6D-4A66-4F3B-9D0E-8C9BB1F0E7B4}.Release|x86.Build.0 = Release|Any CPU
		{A8D1F6B2-72B6-4EAB-9D9C-75C4A2C5D6F1}.Debug|Any CPU.ActiveCfg = Debug|Any CPU
		{A8D1F6B2-72B6-4EAB-9D9C-75C4A2C5D6F1}.Debug|Any CPU.Build.0 = Debug|Any CPU
		{A8D1F6B2-72B6-4EAB-9D9C-75C4A2C5D6F1}.Debug|x64.ActiveCfg = Debug|Any CPU
		{A8D1F6B2-72B6-4EAB-9D9C-75C4A2C5D6F1}.Debug|x64.Build.0 = Debug|Any CPU
		{A8D1F6B2-72B6-4EAB-9D9C-75C4A2C5D6F1}.Debug|x86.ActiveCfg = Debug|Any CPU
		{A8D1F6B2-72B6-4EAB-9D9C-75C4A2C5D6F1}.Debug|x86.Build.0 = Debug|Any CPU
		{A8D1F6B2-72B6-4EAB-9D9C-75C4A2C5D6F1}.Release|Any CPU.ActiveCfg = Release|Any CPU
		{A8D1F6B2-72B6-4EAB-9D9C-75C4A2C5D6F1}.Release|Any CPU.Build.0 = Release|Any CPU
		{A8D1F6B2-72B6-4EAB-9D9C-75C4A2C5D6F1}.Release|x64.ActiveCfg = Release|Any CPU
		{A8D1F6B2-72B6-4EAB-9D9C-75C4A2C5D6F1}.Release|x64.Build.0 = Release|Any CPU
		{A8D1F6B2-72B6-4EAB-9D9C-75C4A2C5D6F1}.Release|x86.ActiveCfg = Release|Any CPU
		{A8D1F6B2-72B6-4EAB-9D9C-75C4A2C5D6F1}.Release|x86.Build.0 = Release|Any CPU
	EndGlobalSection
	GlobalSection(SolutionProperties) = preSolution
		HideSolutionNode = FALSE
	EndGlobalSection
	GlobalSection(ExtensibilityGlobals) = postSolution
		SolutionGuid = {9C2D2B58-3340-49F4-933A-CEAA292224C6}
	EndGlobalSection
EndGlobal
