{
  "version": 1,
  "dependencies": {
    "net8.0-windows7.0": {
      "FlaUI.Core": {
        "type": "Direct",
        "requested": "[5.0.0, )",
        "resolved": "5.0.0",
        "contentHash": "VWWYqwjsYkii2BrUsz5+bpXEp27NherKhLt19hTxHwJP4KrfyZoeo1FdBov4ZTh655wZAKDGIjR7NJLDesuzeg==",
        "dependencies": {
          "Microsoft.Win32.Registry": "5.0.0",
          "System.Diagnostics.PerformanceCounter": "8.0.1",
          "System.Drawing.Common": "8.0.10",
          "System.Management": "8.0.0",
          "System.Security.Permissions": "8.0.0"
        }
      },
      "FlaUI.UIA3": {
        "type": "Direct",
        "requested": "[5.0.0, )",
        "resolved": "5.0.0",
        "contentHash": "s1Yy1RsRJ0OXvmtxQlNJd0cu4sfvN3PFFu6skBGK8VlwPl/b38E0V5kCbo2gvkuhRIu4Itfxjdo7DUMF7qJw4Q==",
        "dependencies": {
          "FlaUI.Core": "5.0.0",
          "Interop.UIAutomationClient": "10.19041.0"
        }
      },
      "Microsoft.Extensions.DependencyInjection": {
        "type": "Direct",
        "requested": "[10.0.10, )",
        "resolved": "10.0.10",
        "contentHash": "ANyvsgkNBRvcJh2XLgn8veGmajf+8m0AbKK+HPWdRL1yraSNVVSmQhFntLtdz/C795jxqqup+k05cs/3jZQPOA==",
        "dependencies": {
          "Microsoft.Extensions.DependencyInjection.Abstractions": "10.0.10"
        }
      },
      "ModelContextProtocol": {
        "type": "Direct",
        "requested": "[2.2.0, )",
        "resolved": "2.2.0",
        "contentHash": "4Pb9u02Nwsp0poueDsqNdyGRojFxOYpljB7zDBsq+aHL+Afou3OgxlBc3GWFVnsRMRJrUtWqDh3s6k2JgPzmrQ==",
        "dependencies": {
          "Microsoft.Extensions.Caching.Abstractions": "10.0.10",
          "Microsoft.Extensions.Hosting.Abstractions": "10.0.10",
          "ModelContextProtocol.Core": "[2.2.0]"
        }
      },
      "System.Drawing.Common": {
        "type": "Direct",
        "requested": "[9.0.10, )",
        "resolved": "9.0.10",
        "contentHash": "FDakPhIcxHnhslLiz4ZQ+ALpHRpCU3zOep9Mcq+4hL23XwQrzmgJNYvf1tH4kJ/V36wO/ZhRr8nOfiz26P3wKg==",
        "dependencies": {
          "Microsoft.Win32.SystemEvents": "9.0.10"
        }
      },
      "System.Text.Json": {
        "type": "Direct",
        "requested": "[10.0.10, )",
        "resolved": "10.0.10",
        "contentHash": "bmsO6UdYtBdtn32zYXfsh7KlyTIzV/3V9hdT9RIb4pXKgYOsNxXR+VbWigNwBtNFVGYGm6Hwmqw5a+/IWFd36Q==",
        "dependencies": {
          "System.IO.Pipelines": "10.0.10",
          "System.Text.Encodings.Web": "10.0.10"
        }
      },
      "Interop.UIAutomationClient": {
        "type": "Transitive",
        "resolved": "10.19041.0",
        "contentHash": "Me5vKNZ1JSg6txTsPQXaWx7fVNh+fmcUPPwtDKJtqvbMM0N8aoa/l/QPolkJIRnasCabCNt4v2zG4p1Q9HU98A=="
      },
      "Microsoft.Extensions.AI.Abstractions": {
        "type": "Transitive",
        "resolved": "10.8.3",
        "contentHash": "K0B05oApxmviWalNHPMBBcRC7erKiDATz3ENNR/jqTR9JwIwLRefgDhj2jCRwL1aca99pXUe0qyQC73/xIuZig==",
        "dependencies": {
          "System.Text.Json": "10.0.10"
        }
      },
      "Microsoft.Extensions.Caching.Abstractions": {
        "type": "Transitive",
        "resolved": "10.0.10",
        "contentHash": "4ZFBNE+jzR+CrWWlhOesnmywCW7pYKT0dxyAQRdL11yJwxe4jvcAu31eorFtEkoFeCDcUTeNssgPv2yaRRptaQ==",
        "dependencies": {
          "Microsoft.Extensions.Primitives": "10.0.10"
        }
      },
      "Microsoft.Extensions.Configuration.Abstractions": {
        "type": "Transitive",
        "resolved": "10.0.10",
        "contentHash": "5Vnd2I75DmZCVEjSynIdJ/0EGafgnLQwgR3t2C2/fkjx/nRG+cLwxLLdInoHeCEpkD5K4Ov/g9ZCRYrl4TRsaA==",
        "dependencies": {
          "Microsoft.Extensions.Primitives": "10.0.10"
        }
      },
      "Microsoft.Extensions.DependencyInjection.Abstractions": {
        "type": "Transitive",
        "resolved": "10.0.10",
        "contentHash": "z/2xXlFw2aLGjHyEm6E0tQ+In6VfzQzTrtArbQ2c0TQE16ZbyDCMGPvaUT9I0s8rgy9sRWlU2P9waW37qV04qA=="
      },
      "Microsoft.Extensions.Diagnostics.Abstractions": {
        "type": "Transitive",
        "resolved": "10.0.10",
        "contentHash": "9uWiKpeOVac355STyChWR/pliFX/5CeLqChW9kKsaxyDH4EUTZxMkT4Jwp/J/peLm0GBFmSX5c0WCse3yCnq1Q==",
        "dependencies": {
          "Microsoft.Extensions.DependencyInjection.Abstractions": "10.0.10",
          "Microsoft.Extensions.Options": "10.0.10",
          "System.Diagnostics.DiagnosticSource": "10.0.10"
        }
      },
      "Microsoft.Extensions.FileProviders.Abstractions": {
        "type": "Transitive",
        "resolved": "10.0.10",
        "contentHash": "c5zqFCY9DiIpMovLd7/d/CTiEtrMOuQ639dhv3PABtKQIKNQikSHwQt8+N679uii9q+B55lgK28Uv64FOwEu8w==",
        "dependencies": {
          "Microsoft.Extensions.Primitives": "10.0.10"
        }
      },
      "Microsoft.Extensions.Hosting.Abstractions": {
        "type": "Transitive",
        "resolved": "10.0.10",
        "contentHash": "5LugpYGHk+mkn0a8IZgcyfBca8PCTAU9RQFoMrTdtOOidq88M2SI5f3px6ugnzgxC+eTkvYYJi8pzlUnG5xdAQ==",
        "dependencies": {
          "Microsoft.Extensions.Configuration.Abstractions": "10.0.10",
          "Microsoft.Extensions.DependencyInjection.Abstractions": "10.0.10",
          "Microsoft.Extensions.Diagnostics.Abstractions": "10.0.10",
          "Microsoft.Extensions.FileProviders.Abstractions": "10.0.10",
          "Microsoft.Extensions.Logging.Abstractions": "10.0.10"
        }
      },
      "Microsoft.Extensions.Logging.Abstractions": {
        "type": "Transitive",
        "resolved": "10.0.10",
        "contentHash": "zkFxGYUvdxAvIKTyXHrmW+Sux53D4SezD9dMyZ6hrwwzPQJNuwCRy1f5W7AvYTqacEGhWF2XderRQG1OvbV8og==",
        "dependencies": {
          "Microsoft.Extensions.DependencyInjection.Abstractions": "10.0.10",
          "System.Diagnostics.DiagnosticSource": "10.0.10"
        }
      },
      "Microsoft.Extensions.Options": {
        "type": "Transitive",
        "resolved": "10.0.10",
        "contentHash": "srnhnk7nE8krBiIXp71LvBmKBtraBONWSRzdjJgRv1Ko9Mp8IVNqv4vIS9hGeVteBig8aQkva9ZG+sC+o5sVcA==",
        "dependencies": {
          "Microsoft.Extensions.DependencyInjection.Abstractions": "10.0.10",
          "Microsoft.Extensions.Primitives": "10.0.10"
        }
      },
      "Microsoft.Extensions.Primitives": {
        "type": "Transitive",
        "resolved": "10.0.10",
        "contentHash": "5wu/GrYVd8mG2DVUw3vFJzF+O336TyTGg/Kmcgw9bfwYhCoFiV5lR5QeEmKecJyrW4W54nMfD3p3589E8a7czQ=="
      },
      "Microsoft.NETCore.Platforms": {
        "type": "Transitive",
        "resolved": "5.0.0",
        "contentHash": "VyPlqzH2wavqquTcYpkIIAQ6WdenuKoFN0BdYBbCWsclXacSOHNQn66Gt4z5NBqEYW0FAPm5rlvki9ZiCij5xQ=="
      },
      "Microsoft.Win32.Registry": {
        "type": "Transitive",
        "resolved": "5.0.0",
        "contentHash": "dDoKi0PnDz31yAyETfRntsLArTlVAVzUzCIvvEDsDsucrl33Dl8pIJG06ePTJTI3tGpeyHS9Cq7Foc/s4EeKcg==",
        "dependencies": {
          "System.Security.AccessControl": "5.0.0",
          "System.Security.Principal.Windows": "5.0.0"
        }
      },
      "Microsoft.Win32.SystemEvents": {
        "type": "Transitive",
        "resolved": "9.0.10",
        "contentHash": "P1CEtsxar/RhfoH3r1vc9ra28LLVYphpcFBxyRIEMM/jP3qh4j9TU4sWH2RUhMZX+GbFxZ+zz1oSP2n9MwjshA=="
      },
      "ModelContextProtocol.Core": {
        "type": "Transitive",
        "resolved": "2.2.0",
        "contentHash": "FeBfXU6T8k+jw4afg4sfxdEX2rL/e5oKOk9ROOGztu9k47+7Bz08sdaToYt2XvMY1opNbwxYQOFMj6wH9TInhA==",
        "dependencies": {
          "Microsoft.Extensions.AI.Abstractions": "10.8.3",
          "Microsoft.Extensions.Logging.Abstractions": "10.0.10",
          "System.IO.Pipelines": "10.0.10",
          "System.Net.ServerSentEvents": "10.0.10"
        }
      },
      "System.CodeDom": {
        "type": "Transitive",
        "resolved": "8.0.0",
        "contentHash": "WTlRjL6KWIMr/pAaq3rYqh0TJlzpouaQ/W1eelssHgtlwHAH25jXTkUphTYx9HaIIf7XA6qs/0+YhtLEQRkJ+Q=="
      },
      "System.Configuration.ConfigurationManager": {
        "type": "Transitive",
        "resolved": "8.0.1",
        "contentHash": "gPYFPDyohW2gXNhdQRSjtmeS6FymL2crg4Sral1wtvEJ7DUqFCDWDVbbLobASbzxfic8U1hQEdC7hmg9LHncMw==",
        "dependencies": {
          "System.Diagnostics.EventLog": "8.0.1",
          "System.Security.Cryptography.ProtectedData": "8.0.0"
        }
      },
      "System.Diagnostics.DiagnosticSource": {
        "type": "Transitive",
        "resolved": "10.0.10",
        "contentHash": "cjtKi6ERMYWp6b9UTVPcwDT29PjKDtlM3W9OwnWL5abRsI8ku42Q2wqZoLIIXJnT/XF2s2CjuK8Nl4a3mmTxQQ=="
      },
      "System.Diagnostics.EventLog": {
        "type": "Transitive",
        "resolved": "8.0.1",
        "contentHash": "n1ZP7NM2Gkn/MgD8+eOT5MulMj6wfeQMNS2Pizvq5GHCZfjlFMXV2irQlQmJhwA2VABC57M0auudO89Iu2uRLg=="
      },
      "System.Diagnostics.PerformanceCounter": {
        "type": "Transitive",
        "resolved": "8.0.1",
        "contentHash": "9RfEDiEjlUADeThs8IPdDVTXSnPRSqjfgTQJALpmGFPKC0k2mbdufOXnb/9JZ4I0TkmxOfy3VTJxrHOJSs8cXg==",
        "dependencies": {
          "System.Configuration.ConfigurationManager": "8.0.1"
        }
      },
      "System.IO.Pipelines": {
        "type": "Transitive",
        "resolved": "10.0.10",
        "contentHash": "7WX0W96y3dpQdYG4sEGdh38g3/0lOD4/dKbn2rRVOVzKhzoZUn2gKNIKaFeKWs8RCbpFfmmEWsRhSy95hMpvqA=="
      },
      "System.Management": {
        "type": "Transitive",
        "resolved": "8.0.0",
        "contentHash": "jrK22i5LRzxZCfGb+tGmke2VH7oE0DvcDlJ1HAKYU8cPmD8XnpUT0bYn2Gy98GEhGjtfbR/sxKTVb+dE770pfA==",
        "dependencies": {
          "System.CodeDom": "8.0.0"
        }
      },
      "System.Net.ServerSentEvents": {
        "type": "Transitive",
        "resolved": "10.0.10",
        "contentHash": "1m3dGOl5YI9VhOE+MPCSII+WXZcyYVr5D/UbBifOUxkrx2npczhWjdl0PYZ1tMGygVce1mIfUDhdM1LBiEQFNw=="
      },
      "System.Security.AccessControl": {
        "type": "Transitive",
        "resolved": "5.0.0",
        "contentHash": "dagJ1mHZO3Ani8GH0PHpPEe/oYO+rVdbQjvjJkBRNQkX4t0r1iaeGn8+/ybkSLEan3/slM0t59SVdHzuHf2jmw==",
        "dependencies": {
          "Microsoft.NETCore.Platforms": "5.0.0",
          "System.Security.Principal.Windows": "5.0.0"
        }
      },
      "System.Security.Cryptography.ProtectedData": {
        "type": "Transitive",
        "resolved": "8.0.0",
        "contentHash": "+TUFINV2q2ifyXauQXRwy4CiBhqvDEDZeVJU7qfxya4aRYOKzVBpN+4acx25VcPB9ywUN6C0n8drWl110PhZEg=="
      },
      "System.Security.Permissions": {
        "type": "Transitive",
        "resolved": "8.0.0",
        "contentHash": "v/BBylw7XevuAsHXoX9dDUUfmBIcUf7Lkz8K3ZXIKz3YRKpw8YftpSir4n4e/jDTKFoaK37AsC3xnk+GNFI1Ow==",
        "dependencies": {
          "System.Windows.Extensions": "8.0.0"
        }
      },
      "System.Security.Principal.Windows": {
        "type": "Transitive",
        "resolved": "5.0.0",
        "contentHash": "t0MGLukB5WAVU9bO3MGzvlGnyJPgUlcwerXn1kzBRjwLKixT96XV0Uza41W49gVd8zEMFu9vQEFlv0IOrytICA=="
      },
      "System.Text.Encodings.Web": {
        "type": "Transitive",
        "resolved": "10.0.10",
        "contentHash": "o16m2YpDN/pjHsnxf9pTGwkpcuvjW8v1/wGUwJtM1c3QZUKm7ZEO/eYRJg7iIx6GxS2Zv9lAMHpiQwHDdgqauA=="
      },
      "System.Windows.Extensions": {
        "type": "Transitive",
        "resolved": "8.0.0",
        "contentHash": "Obg3a90MkOw9mYKxrardLpY2u0axDMrSmy4JCdq2cYbelM2cUwmUir5Bomvd1yxmPL9h5LVHU1tuKBZpUjfASg=="
      }
    }
  }
}